
Microsoft Visual Studio Solution File, Format Version 11.00
# Visual Studio 2010
Project("{FAE04EC0-301F-11D3-BF4B-00C04F79EFBC}") = "RotateString", "RotateString.csproj", "{44F7C88C-CD4D-4E75-8FEC-F86F83170258}"
EndProject
Global
	GlobalSection(SolutionConfigurationPlatforms) = preSolution
		Debug|x86 = Debug|x86
		Release|x86 = Release|x86
	EndGlobalSection
	GlobalSection(ProjectConfigurationPlatforms) = postSolution
		{44F7C88C-CD4D-4E75-8FEC-F86F83170258}.Debug|x86.ActiveCfg = Debug|x86
		{44F7C88C-CD4D-4E75-8FEC-F86F83170258}.Debug|x86.Build.0 = Debug|x86
		{44F7C88C-CD4D-4E75-8FEC-F86F83170258}.Release|x86.ActiveCfg = Release|x86
		{44F7C88C-CD4D-4E75-8FEC-F86F83170258}.Release|x86.Build.0 = Release|x86
	EndGlobalSection
	GlobalSection(MonoDevelopProperties) = preSolution
		StartupItem = RotateString.csproj
	EndGlobalSection
EndGlobal
