
Microsoft Visual Studio Solution File, Format Version 11.00
# Visual Studio 2010
Project("{FAE04EC0-301F-11D3-BF4B-00C04F79EFBC}") = "TreeToDoubleLinkList", "TreeToDoubleLinkList.csproj", "{26D489E8-B707-4831-B445-CCBB536D568D}"
EndProject
Global
	GlobalSection(SolutionConfigurationPlatforms) = preSolution
		Debug|x86 = Debug|x86
		Release|x86 = Release|x86
	EndGlobalSection
	GlobalSection(ProjectConfigurationPlatforms) = postSolution
		{26D489E8-B707-4831-B445-CCBB536D568D}.Debug|x86.ActiveCfg = Debug|x86
		{26D489E8-B707-4831-B445-CCBB536D568D}.Debug|x86.Build.0 = Debug|x86
		{26D489E8-B707-4831-B445-CCBB536D568D}.Release|x86.ActiveCfg = Release|x86
		{26D489E8-B707-4831-B445-CCBB536D568D}.Release|x86.Build.0 = Release|x86
	EndGlobalSection
	GlobalSection(MonoDevelopProperties) = preSolution
		StartupItem = TreeToDoubleLinkList.csproj
	EndGlobalSection
EndGlobal
