
Microsoft Visual Studio Solution File, Format Version 9.00
# Visual Studio 2005
Project("{FAE04EC0-301F-11D3-BF4B-00C04F79EFBC}") = "Console1", "Console1\Console1.csproj", "{E6719204-E739-4105-B2B3-5C586CC645D2}"
EndProject
Global
	GlobalSection(SolutionConfigurationPlatforms) = preSolution
		Debug|x86 = Debug|x86
		Release|x86 = Release|x86
	EndGlobalSection
	GlobalSection(ProjectConfigurationPlatforms) = postSolution
		{E6719204-E739-4105-B2B3-5C586CC645D2}.Debug|x86.ActiveCfg = Debug|x86
		{E6719204-E739-4105-B2B3-5C586CC645D2}.Debug|x86.Build.0 = Debug|x86
		{E6719204-E739-4105-B2B3-5C586CC645D2}.Release|x86.ActiveCfg = Release|x86
		{E6719204-E739-4105-B2B3-5C586CC645D2}.Release|x86.Build.0 = Release|x86
	EndGlobalSection
	GlobalSection(MonoDevelopProperties) = preSolution
		StartupItem = Console1\Console1.csproj
	EndGlobalSection
EndGlobal
