
Microsoft Visual Studio Solution File, Format Version 11.00
# Visual C# Express 2010
Project("{FAE04EC0-301F-11D3-BF4B-00C04F79EFBC}") = "JonSkeet.Linq", "JonSkeet.Linq\JonSkeet.Linq.csproj", "{DC9C855E-5021-48E1-B8EC-4C7ED7DDC54E}"
EndProject
Project("{FAE04EC0-301F-11D3-BF4B-00C04F79EFBC}") = "JonSkeet.Linq.Tests", "JonSkeet.Linq.Tests\JonSkeet.Linq.Tests.csproj", "{1EA91221-058B-4823-9DE4-E4ED2680B997}"
EndProject
Global
	GlobalSection(SolutionConfigurationPlatforms) = preSolution
		Debug|Any CPU = Debug|Any CPU
		Release|Any CPU = Release|Any CPU
	EndGlobalSection
	GlobalSection(ProjectConfigurationPlatforms) = postSolution
		{DC9C855E-5021-48E1-B8EC-4C7ED7DDC54E}.Debug|Any CPU.ActiveCfg = Debug|Any CPU
		{DC9C855E-5021-48E1-B8EC-4C7ED7DDC54E}.Debug|Any CPU.Build.0 = Debug|Any CPU
		{DC9C855E-5021-48E1-B8EC-4C7ED7DDC54E}.Release|Any CPU.ActiveCfg = Release|Any CPU
		{DC9C855E-5021-48E1-B8EC-4C7ED7DDC54E}.Release|Any CPU.Build.0 = Release|Any CPU
		{1EA91221-058B-4823-9DE4-E4ED2680B997}.Debug|Any CPU.ActiveCfg = Debug|Any CPU
		{1EA91221-058B-4823-9DE4-E4ED2680B997}.Debug|Any CPU.Build.0 = Debug|Any CPU
		{1EA91221-058B-4823-9DE4-E4ED2680B997}.Release|Any CPU.ActiveCfg = Release|Any CPU
		{1EA91221-058B-4823-9DE4-E4ED2680B997}.Release|Any CPU.Build.0 = Release|Any CPU
	EndGlobalSection
	GlobalSection(SolutionProperties) = preSolution
		HideSolutionNode = FALSE
	EndGlobalSection
EndGlobal
