
Microsoft Visual Studio Solution File, Format Version 11.00
# Visual Studio 2010
Project("{FAE04EC0-301F-11D3-BF4B-00C04F79EFBC}") = "PopulateNextRightPointerEachNode", "PopulateNextRightPointerEachNode.csproj", "{DFA686CB-7748-442D-97B2-96DA5260D5E6}"
EndProject
Global
	GlobalSection(SolutionConfigurationPlatforms) = preSolution
		Debug|x86 = Debug|x86
		Release|x86 = Release|x86
	EndGlobalSection
	GlobalSection(ProjectConfigurationPlatforms) = postSolution
		{DFA686CB-7748-442D-97B2-96DA5260D5E6}.Debug|x86.ActiveCfg = Debug|x86
		{DFA686CB-7748-442D-97B2-96DA5260D5E6}.Debug|x86.Build.0 = Debug|x86
		{DFA686CB-7748-442D-97B2-96DA5260D5E6}.Release|x86.ActiveCfg = Release|x86
		{DFA686CB-7748-442D-97B2-96DA5260D5E6}.Release|x86.Build.0 = Release|x86
	EndGlobalSection
	GlobalSection(MonoDevelopProperties) = preSolution
		StartupItem = PopulateNextRightPointerEachNode.csproj
	EndGlobalSection
EndGlobal
